
Microsoft Visual Studio Solution File, Format Version 12.00
# Visual Studio Version 17
VisualStudioVersion = 17.0.31903.59
MinimumVisualStudioVersion = 10.0.40219.1
Project("{2150E333-8FDC-42A3-9474-1A3956D46DE8}") = "DotNet", "DotNet", "{218BABB0-BA47-4AD2-A7D3-5389758F7A7D}"
EndProject
Project("{FAE04EC0-301F-11D3-BF4B-00C04F79EFBC}") = "BombArena.Core", "DotNet\BombArena.Core\BombArena.Core.csproj", "{62D8AB98-06D7-42AC-A34A-C56741DB497C}"
EndProject
Project("{FAE04EC0-301F-11D3-BF4B-00C04F79EFBC}") = "BombArena.Core.Tests", "DotNet\BombArena.Core.Tests\BombArena.Core.Tests.csproj", "{346CAAD1-77A1-41ED-A3DF-AA80DE93DD43}"
EndProject
Global
	GlobalSection(SolutionConfigurationPlatforms) = preSolution
		Debug|Any CPU = Debug|Any CPU
		Release|Any CPU = Release|Any CPU
	EndGlobalSection
	GlobalSection(SolutionProperties) = preSolution
		HideSolutionNode = FALSE
	EndGlobalSection
	GlobalSection(ProjectConfigurationPlatforms) = postSolution
		{62D8AB98-06D7-42AC-A34A-C56741DB497C}.Debug|Any CPU.ActiveCfg = Debug|Any CPU
		{62D8AB98-06D7-42AC-A34A-C56741DB497C}.Debug|Any CPU.Build.0 = Debug|Any CPU
		{62D8AB98-06D7-42AC-A34A-C56741DB497C}.Release|Any CPU.ActiveCfg = Release|Any CPU
		{62D8AB98-06D7-42AC-A34A-C56741DB497C}.Release|Any CPU.Build.0 = Release|Any CPU
		{346CAAD1-77A1-41ED-A3DF-AA80DE93DD43}.Debug|Any CPU.ActiveCfg = Debug|Any CPU
		{346CAAD1-77A1-41ED-A3DF-AA80DE93DD43}.Debug|Any CPU.Build.0 = Debug|Any CPU
		{346CAAD1-77A1-41ED-A3DF-AA80DE93DD43}.Release|Any CPU.ActiveCfg = Release|Any CPU
		{346CAAD1-77A1-41ED-A3DF-AA80DE93DD43}.Release|Any CPU.Build.0 = Release|Any CPU
	EndGlobalSection
	GlobalSection(NestedProjects) = preSolution
		{62D8AB98-06D7-42AC-A34A-C56741DB497C} = {218BABB0-BA47-4AD2-A7D3-5389758F7A7D}
		{346CAAD1-77A1-41ED-A3DF-AA80DE93DD43} = {218BABB0-BA47-4AD2-A7D3-5389758F7A7D}
	EndGlobalSection
EndGlobal
